
Microsoft Visual Studio Solution File, Format Version 12.00
# Visual Studio Version 17
VisualStudioVersion = 17.10.35027.167
MinimumVisualStudioVersion = 10.0.40219.1
Project("{FAE04EC0-301F-11D3-BF4B-00C04F79EFBC}") = "myPortfolio", "myPortfolio.csproj", "{A9EEFA25-3E90-428A-828A-101197539BD8}"
EndProject
Global
	GlobalSection(SolutionConfigurationPlatforms) = preSolution
		Debug|Any CPU = Debug|Any CPU
		Release|Any CPU = Release|Any CPU
	EndGlobalSection
	GlobalSection(ProjectConfigurationPlatforms) = postSolution
		{A9EEFA25-3E90-428A-828A-101197539BD8}.Debug|Any CPU.ActiveCfg = Debug|Any CPU
		{A9EEFA25-3E90-428A-828A-101197539BD8}.Debug|Any CPU.Build.0 = Debug|Any CPU
		{A9EEFA25-3E90-428A-828A-101197539BD8}.Release|Any CPU.ActiveCfg = Release|Any CPU
		{A9EEFA25-3E90-428A-828A-101197539BD8}.Release|Any CPU.Build.0 = Release|Any CPU
	EndGlobalSection
	GlobalSection(SolutionProperties) = preSolution
		HideSolutionNode = FALSE
	EndGlobalSection
	GlobalSection(ExtensibilityGlobals) = postSolution
		SolutionGuid = {6C33599E-037B-4165-9E3B-A71316285EE9}
	EndGlobalSection
EndGlobal
