
Microsoft Visual Studio Solution File, Format Version 12.00
# Visual Studio Version 17
VisualStudioVersion = 17.10.34928.147
MinimumVisualStudioVersion = 10.0.40219.1
Project("{FAE04EC0-301F-11D3-BF4B-00C04F79EFBC}") = "MyPortfolio", "MyPortfolio.csproj", "{248BB78C-8D97-4715-9981-3BC9DA0CF8AA}"
EndProject
Global
	GlobalSection(SolutionConfigurationPlatforms) = preSolution
		Debug|Any CPU = Debug|Any CPU
		Release|Any CPU = Release|Any CPU
	EndGlobalSection
	GlobalSection(ProjectConfigurationPlatforms) = postSolution
		{248BB78C-8D97-4715-9981-3BC9DA0CF8AA}.Debug|Any CPU.ActiveCfg = Debug|Any CPU
		{248BB78C-8D97-4715-9981-3BC9DA0CF8AA}.Debug|Any CPU.Build.0 = Debug|Any CPU
		{248BB78C-8D97-4715-9981-3BC9DA0CF8AA}.Release|Any CPU.ActiveCfg = Release|Any CPU
		{248BB78C-8D97-4715-9981-3BC9DA0CF8AA}.Release|Any CPU.Build.0 = Release|Any CPU
	EndGlobalSection
	GlobalSection(SolutionProperties) = preSolution
		HideSolutionNode = FALSE
	EndGlobalSection
	GlobalSection(ExtensibilityGlobals) = postSolution
		SolutionGuid = {A65616D0-7478-49D8-8299-23DE4C3750F8}
	EndGlobalSection
EndGlobal
