
Microsoft Visual Studio Solution File, Format Version 12.00
# Visual Studio Version 17
VisualStudioVersion = 17.10.34928.147
MinimumVisualStudioVersion = 10.0.40219.1
Project("{FAE04EC0-301F-11D3-BF4B-00C04F79EFBC}") = "basicWeb", "basicWeb.csproj", "{8F7405AB-BFD7-4449-88A3-4B25D0FC7BAE}"
EndProject
Global
	GlobalSection(SolutionConfigurationPlatforms) = preSolution
		Debug|Any CPU = Debug|Any CPU
		Release|Any CPU = Release|Any CPU
	EndGlobalSection
	GlobalSection(ProjectConfigurationPlatforms) = postSolution
		{8F7405AB-BFD7-4449-88A3-4B25D0FC7BAE}.Debug|Any CPU.ActiveCfg = Debug|Any CPU
		{8F7405AB-BFD7-4449-88A3-4B25D0FC7BAE}.Debug|Any CPU.Build.0 = Debug|Any CPU
		{8F7405AB-BFD7-4449-88A3-4B25D0FC7BAE}.Release|Any CPU.ActiveCfg = Release|Any CPU
		{8F7405AB-BFD7-4449-88A3-4B25D0FC7BAE}.Release|Any CPU.Build.0 = Release|Any CPU
	EndGlobalSection
	GlobalSection(SolutionProperties) = preSolution
		HideSolutionNode = FALSE
	EndGlobalSection
	GlobalSection(ExtensibilityGlobals) = postSolution
		SolutionGuid = {BF4D885D-EAB6-4CA8-BC2D-F796852BBDAA}
	EndGlobalSection
EndGlobal
